
Microsoft Visual Studio Solution File, Format Version 12.00
# Visual Studio Version 17
VisualStudioVersion = 17.1.32414.318
MinimumVisualStudioVersion = 10.0.40219.1
Project("{FAE04EC0-301F-11D3-BF4B-00C04F79EFBC}") = "test", "test\test.csproj", "{40CF0D19-E012-4C49-AC9B-092FE7E91EDE}"
EndProject
Global
	GlobalSection(SolutionConfigurationPlatforms) = preSolution
		Debug|Any CPU = Debug|Any CPU
		Release|Any CPU = Release|Any CPU
	EndGlobalSection
	GlobalSection(ProjectConfigurationPlatforms) = postSolution
		{40CF0D19-E012-4C49-AC9B-092FE7E91EDE}.Debug|Any CPU.ActiveCfg = Debug|Any CPU
		{40CF0D19-E012-4C49-AC9B-092FE7E91EDE}.Debug|Any CPU.Build.0 = Debug|Any CPU
		{40CF0D19-E012-4C49-AC9B-092FE7E91EDE}.Release|Any CPU.ActiveCfg = Release|Any CPU
		{40CF0D19-E012-4C49-AC9B-092FE7E91EDE}.Release|Any CPU.Build.0 = Release|Any CPU
	EndGlobalSection
	GlobalSection(SolutionProperties) = preSolution
		HideSolutionNode = FALSE
	EndGlobalSection
	GlobalSection(ExtensibilityGlobals) = postSolution
		SolutionGuid = {AE2BF790-7150-4562-A9C6-DD04076DEDF4}
	EndGlobalSection
EndGlobal
